
Microsoft Visual Studio Solution File, Format Version 12.00
# Visual Studio Version 16
VisualStudioVersion = 16.0.31410.357
MinimumVisualStudioVersion = 10.0.40219.1
Project("{FAE04EC0-301F-11D3-BF4B-00C04F79EFBC}") = "BreakAndContinue", "BreakAndContinue\BreakAndContinue.csproj", "{B05436D1-6372-4848-9D0E-2C2C68816E44}"
EndProject
Global
	GlobalSection(SolutionConfigurationPlatforms) = preSolution
		Debug|Any CPU = Debug|Any CPU
		Release|Any CPU = Release|Any CPU
	EndGlobalSection
	GlobalSection(ProjectConfigurationPlatforms) = postSolution
		{B05436D1-6372-4848-9D0E-2C2C68816E44}.Debug|Any CPU.ActiveCfg = Debug|Any CPU
		{B05436D1-6372-4848-9D0E-2C2C68816E44}.Debug|Any CPU.Build.0 = Debug|Any CPU
		{B05436D1-6372-4848-9D0E-2C2C68816E44}.Release|Any CPU.ActiveCfg = Release|Any CPU
		{B05436D1-6372-4848-9D0E-2C2C68816E44}.Release|Any CPU.Build.0 = Release|Any CPU
	EndGlobalSection
	GlobalSection(SolutionProperties) = preSolution
		HideSolutionNode = FALSE
	EndGlobalSection
	GlobalSection(ExtensibilityGlobals) = postSolution
		SolutionGuid = {BBECD0DA-FCFE-4C41-82C7-0BA4ECB83869}
	EndGlobalSection
EndGlobal
